# This file is automatically @generated by Cargo.
# It is not intended for manual editing.
[[package]]
name = "cc"
version = "1.0.52"
source = "registry+https://github.com/rust-lang/crates.io-index"

[[package]]
name = "cmake"
version = "0.1.42"
source = "registry+https://github.com/rust-lang/crates.io-index"
dependencies = [
 "cc 1.0.52 (registry+https://github.com/rust-lang/crates.io-index)",
]

[[package]]
name = "libc"
version = "0.2.70"
source = "registry+https://github.com/rust-lang/crates.io-index"

[[package]]
name = "rust_playground"
version = "0.1.0"
dependencies = [
 "shaderc 0.6.2 (registry+https://github.com/rust-lang/crates.io-index)",
]

[[package]]
name = "shaderc"
version = "0.6.2"
source = "registry+https://github.com/rust-lang/crates.io-index"
dependencies = [
 "libc 0.2.70 (registry+https://github.com/rust-lang/crates.io-index)",
 "shaderc-sys 0.6.2 (registry+https://github.com/rust-lang/crates.io-index)",
]

[[package]]
name = "shaderc-sys"
version = "0.6.2"
source = "registry+https://github.com/rust-lang/crates.io-index"
dependencies = [
 "cmake 0.1.42 (registry+https://github.com/rust-lang/crates.io-index)",
 "libc 0.2.70 (registry+https://github.com/rust-lang/crates.io-index)",
]

[metadata]
"checksum cc 1.0.52 (registry+https://github.com/rust-lang/crates.io-index)" = "c3d87b23d6a92cd03af510a5ade527033f6aa6fa92161e2d5863a907d4c5e31d"
"checksum cmake 0.1.42 (registry+https://github.com/rust-lang/crates.io-index)" = "81fb25b677f8bf1eb325017cb6bb8452f87969db0fedb4f757b297bee78a7c62"
"checksum libc 0.2.70 (registry+https://github.com/rust-lang/crates.io-index)" = "3baa92041a6fec78c687fa0cc2b3fae8884f743d672cf551bed1d6dac6988d0f"
"checksum shaderc 0.6.2 (registry+https://github.com/rust-lang/crates.io-index)" = "ed344938df2d7fa3cc6bfb4af0b578f00f9b389d5fe7be0250fa657c442a8281"
"checksum shaderc-sys 0.6.2 (registry+https://github.com/rust-lang/crates.io-index)" = "30075c712b08798cb2b5e54e4434970a4a3a3a3e838b0642590c74605d3cc528"
